
Microsoft Visual Studio Solution File, Format Version 12.00
# Visual Studio Version 16
VisualStudioVersion = 16.0.30907.101
MinimumVisualStudioVersion = 10.0.40219.1
Project("{FAE04EC0-301F-11D3-BF4B-00C04F79EFBC}") = "Supermarket", "Supermarket\Supermarket.csproj", "{576E38C8-D56A-43CA-811B-7A120776D74C}"
EndProject
Project("{FAE04EC0-301F-11D3-BF4B-00C04F79EFBC}") = "Supermarket.Tests", "Supermarket.Tests\Supermarket.Tests.csproj", "{AF822145-B79B-42C4-A606-6E5A127AF880}"
EndProject
Global
	GlobalSection(SolutionConfigurationPlatforms) = preSolution
		Debug|Any CPU = Debug|Any CPU
		Release|Any CPU = Release|Any CPU
	EndGlobalSection
	GlobalSection(ProjectConfigurationPlatforms) = postSolution
		{576E38C8-D56A-43CA-811B-7A120776D74C}.Debug|Any CPU.ActiveCfg = Debug|Any CPU
		{576E38C8-D56A-43CA-811B-7A120776D74C}.Debug|Any CPU.Build.0 = Debug|Any CPU
		{576E38C8-D56A-43CA-811B-7A120776D74C}.Release|Any CPU.ActiveCfg = Release|Any CPU
		{576E38C8-D56A-43CA-811B-7A120776D74C}.Release|Any CPU.Build.0 = Release|Any CPU
		{AF822145-B79B-42C4-A606-6E5A127AF880}.Debug|Any CPU.ActiveCfg = Debug|Any CPU
		{AF822145-B79B-42C4-A606-6E5A127AF880}.Debug|Any CPU.Build.0 = Debug|Any CPU
		{AF822145-B79B-42C4-A606-6E5A127AF880}.Release|Any CPU.ActiveCfg = Release|Any CPU
		{AF822145-B79B-42C4-A606-6E5A127AF880}.Release|Any CPU.Build.0 = Release|Any CPU
	EndGlobalSection
	GlobalSection(SolutionProperties) = preSolution
		HideSolutionNode = FALSE
	EndGlobalSection
	GlobalSection(ExtensibilityGlobals) = postSolution
		SolutionGuid = {1DA490DF-5AF4-4DB2-9B0E-17551F09E933}
	EndGlobalSection
EndGlobal
